# THIS IS AN AUTOGENERATED FILE. DO NOT EDIT THIS FILE DIRECTLY.
# yarn lockfile v1


"@types/lodash@^4.14.138":
  version "4.14.138"
  resolved "https://registry.npm.taobao.org/@types/lodash/download/@types/lodash-4.14.138.tgz?cache=0&other_urls=https%3A%2F%2Fregistry.npm.taobao.org%2F%40types%2Flodash%2Fdownload%2F%40types%2Flodash-4.14.138.tgz#34f52640d7358230308344e579c15b378d91989e"
  integrity sha1-NPUmQNc1gjAwg0TlecFbN42RmJ4=

lodash@^4.17.15:
  version "4.17.15"
  resolved "https://registry.npm.taobao.org/lodash/download/lodash-4.17.15.tgz#b447f6670a0455bbfeedd11392eff330ea097548"
  integrity sha1-tEf2ZwoEVbv+7dETku/zMOoJdUg=
